
Microsoft Visual Studio Solution File, Format Version 12.00
# Visual Studio Version 17
VisualStudioVersion = 17.2.32516.85
MinimumVisualStudioVersion = 10.0.40219.1
Project("{FAE04EC0-301F-11D3-BF4B-00C04F79EFBC}") = "ExpertsTrans", "ExpertsTrans.csproj", "{FDBA08C1-E8DF-425F-88C7-2B6FB954268D}"
EndProject
Global
	GlobalSection(SolutionConfigurationPlatforms) = preSolution
		Debug|Any CPU = Debug|Any CPU
		Release|Any CPU = Release|Any CPU
	EndGlobalSection
	GlobalSection(ProjectConfigurationPlatforms) = postSolution
		{FDBA08C1-E8DF-425F-88C7-2B6FB954268D}.Debug|Any CPU.ActiveCfg = Debug|Any CPU
		{FDBA08C1-E8DF-425F-88C7-2B6FB954268D}.Debug|Any CPU.Build.0 = Debug|Any CPU
		{FDBA08C1-E8DF-425F-88C7-2B6FB954268D}.Release|Any CPU.ActiveCfg = Release|Any CPU
		{FDBA08C1-E8DF-425F-88C7-2B6FB954268D}.Release|Any CPU.Build.0 = Release|Any CPU
	EndGlobalSection
	GlobalSection(SolutionProperties) = preSolution
		HideSolutionNode = FALSE
	EndGlobalSection
	GlobalSection(ExtensibilityGlobals) = postSolution
		SolutionGuid = {36369B12-A196-4850-A9CA-A15B80A2AE74}
	EndGlobalSection
EndGlobal
